
Microsoft Visual Studio Solution File, Format Version 12.00
# Visual Studio 14
VisualStudioVersion = 14.0.25420.1
MinimumVisualStudioVersion = 10.0.40219.1
Project("{FAE04EC0-301F-11D3-BF4B-00C04F79EFBC}") = "Common", "Common\Common.csproj", "{E3FB9BAC-3898-49ED-8B6E-2746D58E05C9}"
EndProject
Project("{2150E333-8FDC-42A3-9474-1A3956D46DE8}") = "Standard Queue Model", "Standard Queue Model", "{A137BA0B-7B6E-478C-9CF5-1AE0AB3AC1EB}"
EndProject
Project("{FAE04EC0-301F-11D3-BF4B-00C04F79EFBC}") = "StandardQueue", "StandardQueue\StandardQueue.csproj", "{3E33D2E8-A963-4818-848D-4A3FEB9363BA}"
EndProject
Project("{2150E333-8FDC-42A3-9474-1A3956D46DE8}") = "Single Producer and Single Consumer Model", "Single Producer and Single Consumer Model", "{F8E335E5-E98E-4DFA-AD9F-ABB8246D2762}"
EndProject
Project("{FAE04EC0-301F-11D3-BF4B-00C04F79EFBC}") = "Producer", "Producer\Producer.csproj", "{00A84548-321B-416D-A88A-1891B0D39923}"
EndProject
Project("{FAE04EC0-301F-11D3-BF4B-00C04F79EFBC}") = "Consumer", "Consumer\Consumer.csproj", "{46D17418-E305-4BCD-923B-97AB2A8FE0E8}"
EndProject
Project("{2150E333-8FDC-42A3-9474-1A3956D46DE8}") = "Publisher and Subscriber Model", "Publisher and Subscriber Model", "{CA9BB9CA-05D5-4AE8-BB8E-4C405182AAB3}"
EndProject
Project("{FAE04EC0-301F-11D3-BF4B-00C04F79EFBC}") = "Publisher", "Publisher\Publisher.csproj", "{BF1BA4CC-6AF3-43D0-BE99-0FF9D1AB387C}"
EndProject
Project("{FAE04EC0-301F-11D3-BF4B-00C04F79EFBC}") = "Subscriber", "Subscriber\Subscriber.csproj", "{B4924E20-6629-438E-9A8C-57BA9B926CEF}"
EndProject
Global
	GlobalSection(SolutionConfigurationPlatforms) = preSolution
		Debug|Any CPU = Debug|Any CPU
		Release|Any CPU = Release|Any CPU
	EndGlobalSection
	GlobalSection(ProjectConfigurationPlatforms) = postSolution
		{E3FB9BAC-3898-49ED-8B6E-2746D58E05C9}.Debug|Any CPU.ActiveCfg = Debug|Any CPU
		{E3FB9BAC-3898-49ED-8B6E-2746D58E05C9}.Debug|Any CPU.Build.0 = Debug|Any CPU
		{E3FB9BAC-3898-49ED-8B6E-2746D58E05C9}.Release|Any CPU.ActiveCfg = Release|Any CPU
		{E3FB9BAC-3898-49ED-8B6E-2746D58E05C9}.Release|Any CPU.Build.0 = Release|Any CPU
		{3E33D2E8-A963-4818-848D-4A3FEB9363BA}.Debug|Any CPU.ActiveCfg = Debug|Any CPU
		{3E33D2E8-A963-4818-848D-4A3FEB9363BA}.Debug|Any CPU.Build.0 = Debug|Any CPU
		{3E33D2E8-A963-4818-848D-4A3FEB9363BA}.Release|Any CPU.ActiveCfg = Release|Any CPU
		{3E33D2E8-A963-4818-848D-4A3FEB9363BA}.Release|Any CPU.Build.0 = Release|Any CPU
		{00A84548-321B-416D-A88A-1891B0D39923}.Debug|Any CPU.ActiveCfg = Debug|Any CPU
		{00A84548-321B-416D-A88A-1891B0D39923}.Debug|Any CPU.Build.0 = Debug|Any CPU
		{00A84548-321B-416D-A88A-1891B0D39923}.Release|Any CPU.ActiveCfg = Release|Any CPU
		{00A84548-321B-416D-A88A-1891B0D39923}.Release|Any CPU.Build.0 = Release|Any CPU
		{46D17418-E305-4BCD-923B-97AB2A8FE0E8}.Debug|Any CPU.ActiveCfg = Debug|Any CPU
		{46D17418-E305-4BCD-923B-97AB2A8FE0E8}.Debug|Any CPU.Build.0 = Debug|Any CPU
		{46D17418-E305-4BCD-923B-97AB2A8FE0E8}.Release|Any CPU.ActiveCfg = Release|Any CPU
		{46D17418-E305-4BCD-923B-97AB2A8FE0E8}.Release|Any CPU.Build.0 = Release|Any CPU
		{BF1BA4CC-6AF3-43D0-BE99-0FF9D1AB387C}.Debug|Any CPU.ActiveCfg = Debug|Any CPU
		{BF1BA4CC-6AF3-43D0-BE99-0FF9D1AB387C}.Debug|Any CPU.Build.0 = Debug|Any CPU
		{BF1BA4CC-6AF3-43D0-BE99-0FF9D1AB387C}.Release|Any CPU.ActiveCfg = Release|Any CPU
		{BF1BA4CC-6AF3-43D0-BE99-0FF9D1AB387C}.Release|Any CPU.Build.0 = Release|Any CPU
		{B4924E20-6629-438E-9A8C-57BA9B926CEF}.Debug|Any CPU.ActiveCfg = Debug|Any CPU
		{B4924E20-6629-438E-9A8C-57BA9B926CEF}.Debug|Any CPU.Build.0 = Debug|Any CPU
		{B4924E20-6629-438E-9A8C-57BA9B926CEF}.Release|Any CPU.ActiveCfg = Release|Any CPU
		{B4924E20-6629-438E-9A8C-57BA9B926CEF}.Release|Any CPU.Build.0 = Release|Any CPU
	EndGlobalSection
	GlobalSection(SolutionProperties) = preSolution
		HideSolutionNode = FALSE
	EndGlobalSection
	GlobalSection(NestedProjects) = preSolution
		{3E33D2E8-A963-4818-848D-4A3FEB9363BA} = {A137BA0B-7B6E-478C-9CF5-1AE0AB3AC1EB}
		{00A84548-321B-416D-A88A-1891B0D39923} = {F8E335E5-E98E-4DFA-AD9F-ABB8246D2762}
		{46D17418-E305-4BCD-923B-97AB2A8FE0E8} = {F8E335E5-E98E-4DFA-AD9F-ABB8246D2762}
		{BF1BA4CC-6AF3-43D0-BE99-0FF9D1AB387C} = {CA9BB9CA-05D5-4AE8-BB8E-4C405182AAB3}
		{B4924E20-6629-438E-9A8C-57BA9B926CEF} = {CA9BB9CA-05D5-4AE8-BB8E-4C405182AAB3}
	EndGlobalSection
EndGlobal
